
Microsoft Visual Studio Solution File, Format Version 12.00
# Visual Studio Version 16
VisualStudioVersion = 16.0.30907.101
MinimumVisualStudioVersion = 10.0.40219.1
Project("{8BC9CEB8-8B4A-11D0-8D11-00A0C91BC942}") = "BinaryLove3", "BinaryLove3.vcxproj", "{14626567-E8CC-4FA0-9BB4-793F6CDBCBD8}"
EndProject
Project("{8BC9CEB8-8B4A-11D0-8D11-00A0C91BC942}") = "BinaryLove3_Test", "BinaryLove3_Test.vcxproj", "{A7384F29-A99D-47DF-9F53-1ACE097C87A6}"
EndProject
Global
	GlobalSection(SolutionConfigurationPlatforms) = preSolution
		Debug|x64 = Debug|x64
		Debug|x86 = Debug|x86
		Release|x64 = Release|x64
		Release|x86 = Release|x86
	EndGlobalSection
	GlobalSection(ProjectConfigurationPlatforms) = postSolution
		{14626567-E8CC-4FA0-9BB4-793F6CDBCBD8}.Debug|x64.ActiveCfg = Debug|x64
		{14626567-E8CC-4FA0-9BB4-793F6CDBCBD8}.Debug|x64.Build.0 = Debug|x64
		{14626567-E8CC-4FA0-9BB4-793F6CDBCBD8}.Debug|x86.ActiveCfg = Debug|Win32
		{14626567-E8CC-4FA0-9BB4-793F6CDBCBD8}.Debug|x86.Build.0 = Debug|Win32
		{14626567-E8CC-4FA0-9BB4-793F6CDBCBD8}.Release|x64.ActiveCfg = Release|x64
		{14626567-E8CC-4FA0-9BB4-793F6CDBCBD8}.Release|x64.Build.0 = Release|x64
		{14626567-E8CC-4FA0-9BB4-793F6CDBCBD8}.Release|x86.ActiveCfg = Release|Win32
		{14626567-E8CC-4FA0-9BB4-793F6CDBCBD8}.Release|x86.Build.0 = Release|Win32
		{A7384F29-A99D-47DF-9F53-1ACE097C87A6}.Debug|x64.ActiveCfg = Debug|x64
		{A7384F29-A99D-47DF-9F53-1ACE097C87A6}.Debug|x64.Build.0 = Debug|x64
		{A7384F29-A99D-47DF-9F53-1ACE097C87A6}.Debug|x86.ActiveCfg = Debug|Win32
		{A7384F29-A99D-47DF-9F53-1ACE097C87A6}.Debug|x86.Build.0 = Debug|Win32
		{A7384F29-A99D-47DF-9F53-1ACE097C87A6}.Release|x64.ActiveCfg = Release|x64
		{A7384F29-A99D-47DF-9F53-1ACE097C87A6}.Release|x64.Build.0 = Release|x64
		{A7384F29-A99D-47DF-9F53-1ACE097C87A6}.Release|x86.ActiveCfg = Release|Win32
		{A7384F29-A99D-47DF-9F53-1ACE097C87A6}.Release|x86.Build.0 = Release|Win32
	EndGlobalSection
	GlobalSection(SolutionProperties) = preSolution
		HideSolutionNode = FALSE
	EndGlobalSection
	GlobalSection(ExtensibilityGlobals) = postSolution
		SolutionGuid = {2F78759E-2EA3-4B05-A2F7-84DD0B20E657}
	EndGlobalSection
EndGlobal
